<Solution>
  <Folder Name="/src/">
    <Project Path="Api/Abyat.Api.csproj" />
    <Project Path="Bl/Abyat.Bl.csproj" />
    <Project Path="Core/Abyat.Core.csproj" />
    <Project Path="Da/Abyat.Da.csproj" />
    <Project Path="Domains/Abyat.Domains.csproj" />
  </Folder>
  <Project Path="../../../Utilities/CS_Utilities/Utils.csproj" />
</Solution>
